
Microsoft Visual Studio Solution File, Format Version 12.00
# Visual Studio Version 17
VisualStudioVersion = 17.9.34310.174
MinimumVisualStudioVersion = 10.0.40219.1
Project("{9A19103F-16F7-4668-BE54-9A1E7A4F7556}") = "Books.MVC", "Books.MVC\Books.MVC.csproj", "{FFAB7953-D704-4F43-A036-1CA27BBF1745}"
EndProject
Global
	GlobalSection(SolutionConfigurationPlatforms) = preSolution
		Debug|Any CPU = Debug|Any CPU
		Release|Any CPU = Release|Any CPU
	EndGlobalSection
	GlobalSection(ProjectConfigurationPlatforms) = postSolution
		{FFAB7953-D704-4F43-A036-1CA27BBF1745}.Debug|Any CPU.ActiveCfg = Debug|Any CPU
		{FFAB7953-D704-4F43-A036-1CA27BBF1745}.Debug|Any CPU.Build.0 = Debug|Any CPU
		{FFAB7953-D704-4F43-A036-1CA27BBF1745}.Release|Any CPU.ActiveCfg = Release|Any CPU
		{FFAB7953-D704-4F43-A036-1CA27BBF1745}.Release|Any CPU.Build.0 = Release|Any CPU
	EndGlobalSection
	GlobalSection(SolutionProperties) = preSolution
		HideSolutionNode = FALSE
	EndGlobalSection
	GlobalSection(ExtensibilityGlobals) = postSolution
		SolutionGuid = {06275850-A2A8-4F46-B854-39988D9A6FF1}
	EndGlobalSection
EndGlobal
